PODS:
  - Alamofire (4.9.1)
  - Kingfisher (4.10.1)

DEPENDENCIES:
  - Alamofire
  - Kingfisher

SPEC REPOS:
  trunk:
    - Alamofire
    - Kingfisher

SPEC CHECKSUMS:
  Alamofire: 85e8a02c69d6020a0d734f6054870d7ecb75cf18
  Kingfisher: c148cd7b47ebde9989f6bc7c27dcaa79d81279a0

PODFILE CHECKSUM: c3bc97fe051c2465318290430be2848911fc1d82

COCOAPODS: 1.11.2
